{
  "name": "@rypershit/eren-yeger",
  "version": "1.1.4",
  "lockfileVersion": 3,
  "requires": true,
  "packages": {
    "": {
      "name": "@rypershit/eren-yeger",
      "version": "1.1.4",
      "license": "ISC",
      "dependencies": {
        "eren": "^0.0.0",
        "eren-yeger": "^1.1.4"
      },
      "devDependencies": {}
    },
    "../../home/gitpod/.nvm/versions/node/v20.11.1/lib/node_modules/eren": {
      "version": "0.0.0",
      "license": "MIT"
    },
    "node_modules/eren": {
      "resolved": "../../home/gitpod/.nvm/versions/node/v20.11.1/lib/node_modules/eren",
      "link": true
    },
    "node_modules/eren-yeger": {
      "version": "1.1.4",
      "resolved": "https://registry.npmjs.org/eren-yeger/-/eren-yeger-1.1.4.tgz",
      "integrity": "sha512-xDVDC4MfywJaZ2LLm8OTMNE3ZSxf/Taj16P0ELr3krdPjCeNf+uR8yhOL6NB5697/at3tXKUY6B6EMLOdjELiQ=="
    }
  }
}
